uuid: 809a261d-b911-41f9-b6cf-63d526e59e3c
langcode: en
status: true
dependencies:
  content:
    - 'block_content:ads_block:739ec747-8676-4fe9-b2cd-6a9f819b61ed'
  module:
    - block_content
    - system
  theme:
    - news
id: news_adsblock
theme: news
region: content
weight: -14
provider: null
plugin: 'block_content:739ec747-8676-4fe9-b2cd-6a9f819b61ed'
settings:
  id: 'block_content:739ec747-8676-4fe9-b2cd-6a9f819b61ed'
  label: Ads-block
  provider: block_content
  label_display: '0'
  status: true
  info: ''
  view_mode: full
visibility:
  request_path:
    id: request_path
    pages: "<front>\r\n/category/*"
    negate: false
