uuid: f92b7d20-4648-4b48-a9ac-422c47df2f2b
langcode: en
status: true
dependencies:
  module:
    - current_year
  theme:
    - news
id: currentyearblock
theme: news
region: footer_fifth
weight: -21
provider: null
plugin: current_year_block
settings:
  id: current_year_block
  label: 'Current Year Block'
  provider: current_year
  label_display: '0'
visibility: {  }
