uuid: b8d013fb-9b84-4d88-9fab-b92213bc1692
langcode: en
status: true
dependencies:
  config:
    - block_content.type.social_links_block
id: block_content.social_links_block
target_entity_type_id: block_content
target_bundle: social_links_block
default_langcode: site_default
language_alterable: false
